
Microsoft Visual Studio Solution File, Format Version 12.00
# Visual Studio Version 16
VisualStudioVersion = 16.0.31624.102
MinimumVisualStudioVersion = 10.0.40219.1
Project("{8BC9CEB8-8B4A-11D0-8D11-00A0C91BC942}") = "pm.types", "pm.types\pm.types.vcxproj", "{9BF4FD41-8A03-40F5-9C05-D95175D54282}"
EndProject
Project("{8BC9CEB8-8B4A-11D0-8D11-00A0C91BC942}") = "pm.dal", "pm.dal\pm.dal.vcxproj", "{F7D20954-044F-4190-A638-17C0C6EB4786}"
EndProject
Global
	GlobalSection(SolutionConfigurationPlatforms) = preSolution
		Debug|x64 = Debug|x64
		Debug|x86 = Debug|x86
		Release|x64 = Release|x64
		Release|x86 = Release|x86
	EndGlobalSection
	GlobalSection(ProjectConfigurationPlatforms) = postSolution
		{9BF4FD41-8A03-40F5-9C05-D95175D54282}.Debug|x64.ActiveCfg = Debug|x64
		{9BF4FD41-8A03-40F5-9C05-D95175D54282}.Debug|x64.Build.0 = Debug|x64
		{9BF4FD41-8A03-40F5-9C05-D95175D54282}.Debug|x86.ActiveCfg = Debug|Win32
		{9BF4FD41-8A03-40F5-9C05-D95175D54282}.Debug|x86.Build.0 = Debug|Win32
		{9BF4FD41-8A03-40F5-9C05-D95175D54282}.Release|x64.ActiveCfg = Release|x64
		{9BF4FD41-8A03-40F5-9C05-D95175D54282}.Release|x64.Build.0 = Release|x64
		{9BF4FD41-8A03-40F5-9C05-D95175D54282}.Release|x86.ActiveCfg = Release|Win32
		{9BF4FD41-8A03-40F5-9C05-D95175D54282}.Release|x86.Build.0 = Release|Win32
		{F7D20954-044F-4190-A638-17C0C6EB4786}.Debug|x64.ActiveCfg = Debug|x64
		{F7D20954-044F-4190-A638-17C0C6EB4786}.Debug|x64.Build.0 = Debug|x64
		{F7D20954-044F-4190-A638-17C0C6EB4786}.Debug|x86.ActiveCfg = Debug|Win32
		{F7D20954-044F-4190-A638-17C0C6EB4786}.Debug|x86.Build.0 = Debug|Win32
		{F7D20954-044F-4190-A638-17C0C6EB4786}.Release|x64.ActiveCfg = Release|x64
		{F7D20954-044F-4190-A638-17C0C6EB4786}.Release|x64.Build.0 = Release|x64
		{F7D20954-044F-4190-A638-17C0C6EB4786}.Release|x86.ActiveCfg = Release|Win32
		{F7D20954-044F-4190-A638-17C0C6EB4786}.Release|x86.Build.0 = Release|Win32
	EndGlobalSection
	GlobalSection(SolutionProperties) = preSolution
		HideSolutionNode = FALSE
	EndGlobalSection
	GlobalSection(ExtensibilityGlobals) = postSolution
		SolutionGuid = {856B0FC8-01DA-41D8-82AC-AA554190B01A}
	EndGlobalSection
EndGlobal
